
Microsoft Visual Studio Solution File, Format Version 12.00
# Visual Studio Version 16
VisualStudioVersion = 16.0.30128.74
MinimumVisualStudioVersion = 10.0.40219.1
Project("{FAE04EC0-301F-11D3-BF4B-00C04F79EFBC}") = "AspnetcoreEnvironment", "AspnetcoreEnvironment\AspnetcoreEnvironment.csproj", "{7829F5E5-DDC0-4935-A91B-0862AC343036}"
EndProject
Global
	GlobalSection(SolutionConfigurationPlatforms) = preSolution
		Debug|Any CPU = Debug|Any CPU
		Release|Any CPU = Release|Any CPU
	EndGlobalSection
	GlobalSection(ProjectConfigurationPlatforms) = postSolution
		{7829F5E5-DDC0-4935-A91B-0862AC343036}.Debug|Any CPU.ActiveCfg = Debug|Any CPU
		{7829F5E5-DDC0-4935-A91B-0862AC343036}.Debug|Any CPU.Build.0 = Debug|Any CPU
		{7829F5E5-DDC0-4935-A91B-0862AC343036}.Release|Any CPU.ActiveCfg = Release|Any CPU
		{7829F5E5-DDC0-4935-A91B-0862AC343036}.Release|Any CPU.Build.0 = Release|Any CPU
	EndGlobalSection
	GlobalSection(SolutionProperties) = preSolution
		HideSolutionNode = FALSE
	EndGlobalSection
	GlobalSection(ExtensibilityGlobals) = postSolution
		SolutionGuid = {F824F15F-3719-48EC-A640-50087B2292C3}
	EndGlobalSection
EndGlobal
